
Microsoft Visual Studio Solution File, Format Version 12.00
# Visual Studio 2012
Project("{8BC9CEB8-8B4A-11D0-8D11-00A0C91BC942}") = "7873 MAPS SortOut for SIMD", "7873 MAPS SortOut for SIMD\7873 MAPS SortOut for SIMD.vcxproj", "{0618954C-60F5-4833-B921-1C8F3A151D7A}"
EndProject
Global
	GlobalSection(SolutionConfigurationPlatforms) = preSolution
		Debug|Win32 = Debug|Win32
		Release|Win32 = Release|Win32
	EndGlobalSection
	GlobalSection(ProjectConfigurationPlatforms) = postSolution
		{0618954C-60F5-4833-B921-1C8F3A151D7A}.Debug|Win32.ActiveCfg = Debug|Win32
		{0618954C-60F5-4833-B921-1C8F3A151D7A}.Debug|Win32.Build.0 = Debug|Win32
		{0618954C-60F5-4833-B921-1C8F3A151D7A}.Release|Win32.ActiveCfg = Release|Win32
		{0618954C-60F5-4833-B921-1C8F3A151D7A}.Release|Win32.Build.0 = Release|Win32
	EndGlobalSection
	GlobalSection(SolutionProperties) = preSolution
		HideSolutionNode = FALSE
	EndGlobalSection
EndGlobal
